{
  "name": "@srtsigning/roles-adapter",
  "version": "0.0.1",
  "lockfileVersion": 1,
  "requires": true,
  "dependencies": {
    "@srtsignin/common": {
      "version": "0.0.3",
      "resolved": "https://registry.npmjs.org/@srtsignin/common/-/common-0.0.3.tgz",
      "integrity": "sha512-dratduNjWWMbjxcifGM53RBoNwztSJkMQ49KKS2X+h5NT2HCsp+fyJFDghG9M4vouncQwpEZw1ZcT1PFKpfz0Q=="
    }
  }
}
