{
  "name": "@srtsignin/roles-adapter",
  "version": "0.0.7",
  "lockfileVersion": 1,
  "requires": true,
  "dependencies": {
    "@srtsignin/api": {
      "version": "0.0.1",
      "resolved": "https://registry.npmjs.org/@srtsignin/api/-/api-0.0.1.tgz",
      "integrity": "sha512-/JDcmhyjW9M8F1gRCWEROTPRdzC9i1NbQJP8BOSAKa4+0pLlIsBK6DYzzfF2EyBf7HfV38q2cTThxlyQie/OSg==",
      "requires": {
        "tslib": "1.9.3"
      }
    },
    "tslib": {
      "version": "1.9.3",
      "resolved": "https://registry.npmjs.org/tslib/-/tslib-1.9.3.tgz",
      "integrity": "sha512-4krF8scpejhaOgqzBEcGM7yDIEfi0/8+8zDRZhNZZ2kjmHJ4hv3zCbQWxoJGz1iw5U0Jl0nma13xzHXcncMavQ=="
    }
  }
}
