{
  "name": "@srtsignin/active-users",
  "version": "0.0.1",
  "lockfileVersion": 1,
  "requires": true,
  "dependencies": {
    "@srtsignin/common": {
      "version": "0.0.1",
      "resolved": "https://registry.npmjs.org/@srtsignin/common/-/common-0.0.1.tgz",
      "integrity": "sha512-iknphnm+x5mPL2fcdaHQ8x/b087Vse/0RwlTV4rwngBybDa5bIRVJH4EuC/Zl/tpVJzY0kvZ3RBFYyHaG0NyPQ=="
    }
  }
}
