{
  "name": "@srtsignin/student",
  "version": "0.0.6",
  "lockfileVersion": 1,
  "requires": true,
  "dependencies": {
    "@angular/common": {
      "version": "6.0.0-rc.0",
      "resolved": "http://registry.npmjs.org/@angular/common/-/common-6.0.0-rc.0.tgz",
      "integrity": "sha512-zmsy34fmdL4Moj3zQL2C4YKBBEKUiSmYyK7GeiuvnOqQcHuom3hR/Bcg6P7dCwkkonUDtWSN+YcL7Yb5TmY0lg==",
      "requires": {
        "tslib": "1.9.3"
      }
    },
    "@srtsignin/active-users": {
      "version": "0.0.6",
      "resolved": "https://registry.npmjs.org/@srtsignin/active-users/-/active-users-0.0.6.tgz",
      "integrity": "sha512-dyAIyieAn3NGDO/O93AE8upYmLEMqXAcbMxup+YaD+IroUdfheLP0lyv/vgLrYmLz8nU1yx1cq+tMmyRwXQOYg==",
      "requires": {
        "tslib": "1.9.3"
      }
    },
    "@srtsignin/common": {
      "version": "0.0.9",
      "resolved": "https://registry.npmjs.org/@srtsignin/common/-/common-0.0.9.tgz",
      "integrity": "sha512-9wHpAFWOab5UidxZaasdigmdT1HkwIxtg8kHK+D1Zk9XNhpbuVPr9FspZvy8hRWeyNvwRGsxnNX1S8Xeoq2bzQ==",
      "requires": {
        "tslib": "1.9.3"
      }
    },
    "@srtsignin/courses": {
      "version": "0.0.4",
      "resolved": "https://registry.npmjs.org/@srtsignin/courses/-/courses-0.0.4.tgz",
      "integrity": "sha512-wAjA24hcOkGX+FkWFtSsDen0MFGsK3xQ3wwaHe4MYvvCf7hDH/scfuDj+yy+6Zv3S5wm+HdjnBhW3SnHtrDjCQ==",
      "requires": {
        "tslib": "1.9.3"
      }
    },
    "tslib": {
      "version": "1.9.3",
      "resolved": "https://registry.npmjs.org/tslib/-/tslib-1.9.3.tgz",
      "integrity": "sha512-4krF8scpejhaOgqzBEcGM7yDIEfi0/8+8zDRZhNZZ2kjmHJ4hv3zCbQWxoJGz1iw5U0Jl0nma13xzHXcncMavQ=="
    }
  }
}
